// !$*UTF8*$!
{
	archiveVersion = 1;
	classes = {
	};
	objectVersion = 50;
	objects = {

/* Begin PBXBuildFile section */
		43420EAA23B2331E00424568 /* AppDelegate.swift in Sources */ = {isa = PBXBuildFile; fileRef = 43420EA923B2331E00424568 /* AppDelegate.swift */; };
		43420EAC23B2331E00424568 /* SceneDelegate.swift in Sources */ = {isa = PBXBuildFile; fileRef = 43420EAB23B2331E00424568 /* SceneDelegate.swift */; };
		43420EAE23B2331E00424568 /* ContentView.swift in Sources */ = {isa = PBXBuildFile; fileRef = 43420EAD23B2331E00424568 /* ContentView.swift */; };
		43420EB023B2332000424568 /* Assets.xcassets in Resources */ = {isa = PBXBuildFile; fileRef = 43420EAF23B2332000424568 /* Assets.xcassets */; };
		43420EB323B2332000424568 /* Preview Assets.xcassets in Resources */ = {isa = PBXBuildFile; fileRef = 43420EB223B2332000424568 /* Preview Assets.xcassets */; };
		43420EB623B2332000424568 /* LaunchScreen.storyboard in Resources */ = {isa = PBXBuildFile; fileRef = 43420EB423B2332000424568 /* LaunchScreen.storyboard */; };
		43420EBE23B233A900424568 /* teamData.swift in Sources */ = {isa = PBXBuildFile; fileRef = 43420EBD23B233A900424568 /* teamData.swift */; };
		457D96B323B3112D001D885D /* basketballAnime.swift in Sources */ = {isa = PBXBuildFile; fileRef = 457D96B223B3112D001D885D /* basketballAnime.swift */; };
		5723791823B4A491006EC4A0 /* TeamRow.swift in Sources */ = {isa = PBXBuildFile; fileRef = 5723791723B4A491006EC4A0 /* TeamRow.swift */; };
		5723791A23B4AA8A006EC4A0 /* WesternView.swift in Sources */ = {isa = PBXBuildFile; fileRef = 5723791923B4AA8A006EC4A0 /* WesternView.swift */; };
		5723791C23B4AB39006EC4A0 /* EasternView.swift in Sources */ = {isa = PBXBuildFile; fileRef = 5723791B23B4AB39006EC4A0 /* EasternView.swift */; };
		5723791E23B4ADD5006EC4A0 /* TeamDetail.swift in Sources */ = {isa = PBXBuildFile; fileRef = 5723791D23B4ADD5006EC4A0 /* TeamDetail.swift */; };
		5723792023B4AFC8006EC4A0 /* teamDetailData.swift in Sources */ = {isa = PBXBuildFile; fileRef = 5723791F23B4AFC8006EC4A0 /* teamDetailData.swift */; };
		5723792223B4CAE7006EC4A0 /* Rank.swift in Sources */ = {isa = PBXBuildFile; fileRef = 5723792123B4CAE7006EC4A0 /* Rank.swift */; };
		57A2B91423BDA8E700D14E49 /* picker.swift in Sources */ = {isa = PBXBuildFile; fileRef = 57A2B91323BDA8E700D14E49 /* picker.swift */; };
		57A2B91623BDB6B300D14E49 /* safariView.swift in Sources */ = {isa = PBXBuildFile; fileRef = 57A2B91523BDB6B300D14E49 /* safariView.swift */; };
/* End PBXBuildFile section */

/* Begin PBXFileReference section */
		43420EA623B2331E00424568 /* iosFinal.app */ = {isa = PBXFileReference; explicitFileType = wrapper.application; includeInIndex = 0; path = iosFinal.app; sourceTree = BUILT_PRODUCTS_DIR; };
		43420EA923B2331E00424568 /* AppDelegate.swift */ = {isa = PBXFileReference; lastKnownFileType = sourcecode.swift; path = AppDelegate.swift; sourceTree = "<group>"; };
		43420EAB23B2331E00424568 /* SceneDelegate.swift */ = {isa = PBXFileReference; lastKnownFileType = sourcecode.swift; path = SceneDelegate.swift; sourceTree = "<group>"; };
		43420EAD23B2331E00424568 /* ContentView.swift */ = {isa = PBXFileReference; lastKnownFileType = sourcecode.swift; path = ContentView.swift; sourceTree = "<group>"; };
		43420EAF23B2332000424568 /* Assets.xcassets */ = {isa = PBXFileReference; lastKnownFileType = folder.assetcatalog; path = Assets.xcassets; sourceTree = "<group>"; };
		43420EB223B2332000424568 /* Preview Assets.xcassets */ = {isa = PBXFileReference; lastKnownFileType = folder.assetcatalog; path = "Preview Assets.xcassets"; sourceTree = "<group>"; };
		43420EB523B2332000424568 /* Base */ = {isa = PBXFileReference; lastKnownFileType = file.storyboard; name = Base; path = Base.lproj/LaunchScreen.storyboard; sourceTree = "<group>"; };
		43420EB723B2332000424568 /* Info.plist */ = {isa = PBXFileReference; lastKnownFileType = text.plist.xml; path = Info.plist; sourceTree = "<group>"; };
		43420EBD23B233A900424568 /* teamData.swift */ = {isa = PBXFileReference; lastKnownFileType = sourcecode.swift; path = teamData.swift; sourceTree = "<group>"; };
		457D96B223B3112D001D885D /* basketballAnime.swift */ = {isa = PBXFileReference; lastKnownFileType = sourcecode.swift; path = basketballAnime.swift; sourceTree = "<group>"; };
		5723791723B4A491006EC4A0 /* TeamRow.swift */ = {isa = PBXFileReference; lastKnownFileType = sourcecode.swift; path = TeamRow.swift; sourceTree = "<group>"; };
		5723791923B4AA8A006EC4A0 /* WesternView.swift */ = {isa = PBXFileReference; lastKnownFileType = sourcecode.swift; path = WesternView.swift; sourceTree = "<group>"; };
		5723791B23B4AB39006EC4A0 /* EasternView.swift */ = {isa = PBXFileReference; lastKnownFileType = sourcecode.swift; path = EasternView.swift; sourceTree = "<group>"; };
		5723791D23B4ADD5006EC4A0 /* TeamDetail.swift */ = {isa = PBXFileReference; lastKnownFileType = sourcecode.swift; path = TeamDetail.swift; sourceTree = "<group>"; };
		5723791F23B4AFC8006EC4A0 /* teamDetailData.swift */ = {isa = PBXFileReference; lastKnownFileType = sourcecode.swift; path = teamDetailData.swift; sourceTree = "<group>"; };
		5723792123B4CAE7006EC4A0 /* Rank.swift */ = {isa = PBXFileReference; lastKnownFileType = sourcecode.swift; path = Rank.swift; sourceTree = "<group>"; };
		57A2B91323BDA8E700D14E49 /* picker.swift */ = {isa = PBXFileReference; lastKnownFileType = sourcecode.swift; path = picker.swift; sourceTree = "<group>"; };
		57A2B91523BDB6B300D14E49 /* safariView.swift */ = {isa = PBXFileReference; lastKnownFileType = sourcecode.swift; path = safariView.swift; sourceTree = "<group>"; };
/* End PBXFileReference section */

/* Begin PBXFrameworksBuildPhase section */
		43420EA323B2331E00424568 /* Frameworks */ = {
			isa = PBXFrameworksBuildPhase;
			buildActionMask = 2147483647;
			files = (
			);
			runOnlyForDeploymentPostprocessing = 0;
		};
/* End PBXFrameworksBuildPhase section */

/* Begin PBXGroup section */
		43420E9D23B2331E00424568 = {
			isa = PBXGroup;
			children = (
				43420EA823B2331E00424568 /* iosFinal */,
				43420EA723B2331E00424568 /* Products */,
			);
			sourceTree = "<group>";
		};
		43420EA723B2331E00424568 /* Products */ = {
			isa = PBXGroup;
			children = (
				43420EA623B2331E00424568 /* iosFinal.app */,
			);
			name = Products;
			sourceTree = "<group>";
		};
		43420EA823B2331E00424568 /* iosFinal */ = {
			isa = PBXGroup;
			children = (
				43420EA923B2331E00424568 /* AppDelegate.swift */,
				43420EAB23B2331E00424568 /* SceneDelegate.swift */,
				43420EAD23B2331E00424568 /* ContentView.swift */,
				5723791B23B4AB39006EC4A0 /* EasternView.swift */,
				5723791D23B4ADD5006EC4A0 /* TeamDetail.swift */,
				5723792123B4CAE7006EC4A0 /* Rank.swift */,
				5723791923B4AA8A006EC4A0 /* WesternView.swift */,
				5723791723B4A491006EC4A0 /* TeamRow.swift */,
				57A2B91323BDA8E700D14E49 /* picker.swift */,
				57A2B91523BDB6B300D14E49 /* safariView.swift */,
				457D96B223B3112D001D885D /* basketballAnime.swift */,
				43420EAF23B2332000424568 /* Assets.xcassets */,
				43420EB423B2332000424568 /* LaunchScreen.storyboard */,
				43420EB723B2332000424568 /* Info.plist */,
				43420EB123B2332000424568 /* Preview Content */,
				43420EBD23B233A900424568 /* teamData.swift */,
				5723791F23B4AFC8006EC4A0 /* teamDetailData.swift */,
			);
			path = iosFinal;
			sourceTree = "<group>";
		};
		43420EB123B2332000424568 /* Preview Content */ = {
			isa = PBXGroup;
			children = (
				43420EB223B2332000424568 /* Preview Assets.xcassets */,
			);
			path = "Preview Content";
			sourceTree = "<group>";
		};
/* End PBXGroup section */

/* Begin PBXNativeTarget section */
		43420EA523B2331E00424568 /* iosFinal */ = {
			isa = PBXNativeTarget;
			buildConfigurationList = 43420EBA23B2332000424568 /* Build configuration list for PBXNativeTarget "iosFinal" */;
			buildPhases = (
				43420EA223B2331E00424568 /* Sources */,
				43420EA323B2331E00424568 /* Frameworks */,
				43420EA423B2331E00424568 /* Resources */,
			);
			buildRules = (
			);
			dependencies = (
			);
			name = iosFinal;
			productName = iosFinal;
			productReference = 43420EA623B2331E00424568 /* iosFinal.app */;
			productType = "com.apple.product-type.application";
		};
/* End PBXNativeTarget section */

/* Begin PBXProject section */
		43420E9E23B2331E00424568 /* Project object */ = {
			isa = PBXProject;
			attributes = {
				LastSwiftUpdateCheck = 1110;
				LastUpgradeCheck = 1110;
				ORGANIZATIONNAME = tflee;
				TargetAttributes = {
					43420EA523B2331E00424568 = {
						CreatedOnToolsVersion = 11.1;
					};
				};
			};
			buildConfigurationList = 43420EA123B2331E00424568 /* Build configuration list for PBXProject "iosFinal" */;
			compatibilityVersion = "Xcode 9.3";
			developmentRegion = en;
			hasScannedForEncodings = 0;
			knownRegions = (
				en,
				Base,
			);
			mainGroup = 43420E9D23B2331E00424568;
			productRefGroup = 43420EA723B2331E00424568 /* Products */;
			projectDirPath = "";
			projectRoot = "";
			targets = (
				43420EA523B2331E00424568 /* iosFinal */,
			);
		};
/* End PBXProject section */

/* Begin PBXResourcesBuildPhase section */
		43420EA423B2331E00424568 /* Resources */ = {
			isa = PBXResourcesBuildPhase;
			buildActionMask = 2147483647;
			files = (
				43420EB623B2332000424568 /* LaunchScreen.storyboard in Resources */,
				43420EB323B2332000424568 /* Preview Assets.xcassets in Resources */,
				43420EB023B2332000424568 /* Assets.xcassets in Resources */,
			);
			runOnlyForDeploymentPostprocessing = 0;
		};
/* End PBXResourcesBuildPhase section */

/* Begin PBXSourcesBuildPhase section */
		43420EA223B2331E00424568 /* Sources */ = {
			isa = PBXSourcesBuildPhase;
			buildActionMask = 2147483647;
			files = (
				457D96B323B3112D001D885D /* basketballAnime.swift in Sources */,
				57A2B91623BDB6B300D14E49 /* safariView.swift in Sources */,
				57A2B91423BDA8E700D14E49 /* picker.swift in Sources */,
				5723791E23B4ADD5006EC4A0 /* TeamDetail.swift in Sources */,
				43420EAA23B2331E00424568 /* AppDelegate.swift in Sources */,
				43420EAC23B2331E00424568 /* SceneDelegate.swift in Sources */,
				5723791823B4A491006EC4A0 /* TeamRow.swift in Sources */,
				5723791C23B4AB39006EC4A0 /* EasternView.swift in Sources */,
				5723792023B4AFC8006EC4A0 /* teamDetailData.swift in Sources */,
				43420EBE23B233A900424568 /* teamData.swift in Sources */,
				5723792223B4CAE7006EC4A0 /* Rank.swift in Sources */,
				43420EAE23B2331E00424568 /* ContentView.swift in Sources */,
				5723791A23B4AA8A006EC4A0 /* WesternView.swift in Sources */,
			);
			runOnlyForDeploymentPostprocessing = 0;
		};
/* End PBXSourcesBuildPhase section */

/* Begin PBXVariantGroup section */
		43420EB423B2332000424568 /* LaunchScreen.storyboard */ = {
			isa = PBXVariantGroup;
			children = (
				43420EB523B2332000424568 /* Base */,
			);
			name = LaunchScreen.storyboard;
			sourceTree = "<group>";
		};
/* End PBXVariantGroup section */

/* Begin XCBuildConfiguration section */
		43420EB823B2332000424568 /* Debug */ = {
			isa = XCBuildConfiguration;
			buildSettings = {
				ALWAYS_SEARCH_USER_PATHS = NO;
				CLANG_ANALYZER_NONNULL = YES;
				CLANG_ANALYZER_NUMBER_OBJECT_CONVERSION = YES_AGGRESSIVE;
				CLANG_CXX_LANGUAGE_STANDARD = "gnu++14";
				CLANG_CXX_LIBRARY = "libc++";
				CLANG_ENABLE_MODULES = YES;
				CLANG_ENABLE_OBJC_ARC = YES;
				CLANG_ENABLE_OBJC_WEAK = YES;
				CLANG_WARN_BLOCK_CAPTURE_AUTORELEASING = YES;
				CLANG_WARN_BOOL_CONVERSION = YES;
				CLANG_WARN_COMMA = YES;
				CLANG_WARN_CONSTANT_CONVERSION = YES;
				CLANG_WARN_DEPRECATED_OBJC_IMPLEMENTATIONS = YES;
				CLANG_WARN_DIRECT_OBJC_ISA_USAGE = YES_ERROR;
				CLANG_WARN_DOCUMENTATION_COMMENTS = YES;
				CLANG_WARN_EMPTY_BODY = YES;
				CLANG_WARN_ENUM_CONVERSION = YES;
				CLANG_WARN_INFINITE_RECURSION = YES;
				CLANG_WARN_INT_CONVERSION = YES;
				CLANG_WARN_NON_LITERAL_NULL_CONVERSION = YES;
				CLANG_WARN_OBJC_IMPLICIT_RETAIN_SELF = YES;
				CLANG_WARN_OBJC_LITERAL_CONVERSION = YES;
				CLANG_WARN_OBJC_ROOT_CLASS = YES_ERROR;
				CLANG_WARN_RANGE_LOOP_ANALYSIS = YES;
				CLANG_WARN_STRICT_PROTOTYPES = YES;
				CLANG_WARN_SUSPICIOUS_MOVE = YES;
				CLANG_WARN_UNGUARDED_AVAILABILITY = YES_AGGRESSIVE;
				CLANG_WARN_UNREACHABLE_CODE = YES;
				CLANG_WARN__DUPLICATE_METHOD_MATCH = YES;
				COPY_PHASE_STRIP = NO;
				DEBUG_INFORMATION_FORMAT = dwarf;
				ENABLE_STRICT_OBJC_MSGSEND = YES;
				ENABLE_TESTABILITY = YES;
				GCC_C_LANGUAGE_STANDARD = gnu11;
				GCC_DYNAMIC_NO_PIC = NO;
				GCC_NO_COMMON_BLOCKS = YES;
				GCC_OPTIMIZATION_LEVEL = 0;
				GCC_PREPROCESSOR_DEFINITIONS = (
					"DEBUG=1",
					"$(inherited)",
				);
				GCC_WARN_64_TO_32_BIT_CONVERSION = YES;
				GCC_WARN_ABOUT_RETURN_TYPE = YES_ERROR;
				GCC_WARN_UNDECLARED_SELECTOR = YES;
				GCC_WARN_UNINITIALIZED_AUTOS = YES_AGGRESSIVE;
				GCC_WARN_UNUSED_FUNCTION = YES;
				GCC_WARN_UNUSED_VARIABLE = YES;
				IPHONEOS_DEPLOYMENT_TARGET = 13.1;
				MTL_ENABLE_DEBUG_INFO = INCLUDE_SOURCE;
				MTL_FAST_MATH = YES;
				ONLY_ACTIVE_ARCH = YES;
				SDKROOT = iphoneos;
				SWIFT_ACTIVE_COMPILATION_CONDITIONS = DEBUG;
				SWIFT_OPTIMIZATION_LEVEL = "-Onone";
			};
			name = Debug;
		};
		43420EB923B2332000424568 /* Release */ = {
			isa = XCBuildConfiguration;
			buildSettings = {
				ALWAYS_SEARCH_USER_PATHS = NO;
				CLANG_ANALYZER_NONNULL = YES;
				CLANG_ANALYZER_NUMBER_OBJECT_CONVERSION = YES_AGGRESSIVE;
				CLANG_CXX_LANGUAGE_STANDARD = "gnu++14";
				CLANG_CXX_LIBRARY = "libc++";
				CLANG_ENABLE_MODULES = YES;
				CLANG_ENABLE_OBJC_ARC = YES;
				CLANG_ENABLE_OBJC_WEAK = YES;
				CLANG_WARN_BLOCK_CAPTURE_AUTORELEASING = YES;
				CLANG_WARN_BOOL_CONVERSION = YES;
				CLANG_WARN_COMMA = YES;
				CLANG_WARN_CONSTANT_CONVERSION = YES;
				CLANG_WARN_DEPRECATED_OBJC_IMPLEMENTATIONS = YES;
				CLANG_WARN_DIRECT_OBJC_ISA_USAGE = YES_ERROR;
				CLANG_WARN_DOCUMENTATION_COMMENTS = YES;
				CLANG_WARN_EMPTY_BODY = YES;
				CLANG_WARN_ENUM_CONVERSION = YES;
				CLANG_WARN_INFINITE_RECURSION = YES;
				CLANG_WARN_INT_CONVERSION = YES;
				CLANG_WARN_NON_LITERAL_NULL_CONVERSION = YES;
				CLANG_WARN_OBJC_IMPLICIT_RETAIN_SELF = YES;
				CLANG_WARN_OBJC_LITERAL_CONVERSION = YES;
				CLANG_WARN_OBJC_ROOT_CLASS = YES_ERROR;
				CLANG_WARN_RANGE_LOOP_ANALYSIS = YES;
				CLANG_WARN_STRICT_PROTOTYPES = YES;
				CLANG_WARN_SUSPICIOUS_MOVE = YES;
				CLANG_WARN_UNGUARDED_AVAILABILITY = YES_AGGRESSIVE;
				CLANG_WARN_UNREACHABLE_CODE = YES;
				CLANG_WARN__DUPLICATE_METHOD_MATCH = YES;
				COPY_PHASE_STRIP = NO;
				DEBUG_INFORMATION_FORMAT = "dwarf-with-dsym";
				ENABLE_NS_ASSERTIONS = NO;
				ENABLE_STRICT_OBJC_MSGSEND = YES;
				GCC_C_LANGUAGE_STANDARD = gnu11;
				GCC_NO_COMMON_BLOCKS = YES;
				GCC_WARN_64_TO_32_BIT_CONVERSION = YES;
				GCC_WARN_ABOUT_RETURN_TYPE = YES_ERROR;
				GCC_WARN_UNDECLARED_SELECTOR = YES;
				GCC_WARN_UNINITIALIZED_AUTOS = YES_AGGRESSIVE;
				GCC_WARN_UNUSED_FUNCTION = YES;
				GCC_WARN_UNUSED_VARIABLE = YES;
				IPHONEOS_DEPLOYMENT_TARGET = 13.1;
				MTL_ENABLE_DEBUG_INFO = NO;
				MTL_FAST_MATH = YES;
				SDKROOT = iphoneos;
				SWIFT_COMPILATION_MODE = wholemodule;
				SWIFT_OPTIMIZATION_LEVEL = "-O";
				VALIDATE_PRODUCT = YES;
			};
			name = Release;
		};
		43420EBB23B2332000424568 /* Debug */ = {
			isa = XCBuildConfiguration;
			buildSettings = {
				ASSETCATALOG_COMPILER_APPICON_NAME = AppIcon;
				CODE_SIGN_STYLE = Automatic;
				DEVELOPMENT_ASSET_PATHS = "\"iosFinal/Preview Content\"";
				ENABLE_PREVIEWS = YES;
				INFOPLIST_FILE = iosFinal/Info.plist;
				LD_RUNPATH_SEARCH_PATHS = (
					"$(inherited)",
					"@executable_path/Frameworks",
				);
				PRODUCT_BUNDLE_IDENTIFIER = tf.iosFinal;
				PRODUCT_NAME = "$(TARGET_NAME)";
				SWIFT_VERSION = 5.0;
				TARGETED_DEVICE_FAMILY = "1,2";
			};
			name = Debug;
		};
		43420EBC23B2332000424568 /* Release */ = {
			isa = XCBuildConfiguration;
			buildSettings = {
				ASSETCATALOG_COMPILER_APPICON_NAME = AppIcon;
				CODE_SIGN_STYLE = Automatic;
				DEVELOPMENT_ASSET_PATHS = "\"iosFinal/Preview Content\"";
				ENABLE_PREVIEWS = YES;
				INFOPLIST_FILE = iosFinal/Info.plist;
				LD_RUNPATH_SEARCH_PATHS = (
					"$(inherited)",
					"@executable_path/Frameworks",
				);
				PRODUCT_BUNDLE_IDENTIFIER = tf.iosFinal;
				PRODUCT_NAME = "$(TARGET_NAME)";
				SWIFT_VERSION = 5.0;
				TARGETED_DEVICE_FAMILY = "1,2";
			};
			name = Release;
		};
/* End XCBuildConfiguration section */

/* Begin XCConfigurationList section */
		43420EA123B2331E00424568 /* Build configuration list for PBXProject "iosFinal" */ = {
			isa = XCConfigurationList;
			buildConfigurations = (
				43420EB823B2332000424568 /* Debug */,
				43420EB923B2332000424568 /* Release */,
			);
			defaultConfigurationIsVisible = 0;
			defaultConfigurationName = Release;
		};
		43420EBA23B2332000424568 /* Build configuration list for PBXNativeTarget "iosFinal" */ = {
			isa = XCConfigurationList;
			buildConfigurations = (
				43420EBB23B2332000424568 /* Debug */,
				43420EBC23B2332000424568 /* Release */,
			);
			defaultConfigurationIsVisible = 0;
			defaultConfigurationName = Release;
		};
/* End XCConfigurationList section */
	};
	rootObject = 43420E9E23B2331E00424568 /* Project object */;
}
